// !$*UTF8*$!
{
	archiveVersion = 1;
	classes = {
	};
	objectVersion = 77;
	objects = {

/* Begin PBXBuildFile section */
		0952FD7ADF42F48BFD66A78D /* SettingsView.swift in Sources */ = {isa = PBXBuildFile; fileRef = 9F7B44BF5B0718C7FCFCE0B6 /* SettingsView.swift */; };
		14667930FF82DF75F427E36B /* PatternGuideView.swift in Sources */ = {isa = PBXBuildFile; fileRef = DDCF1F17CE6C4B3B041FDFE8 /* PatternGuideView.swift */; };
		17DF932E70EE47A6C0DB4C67 /* BossModifier.swift in Sources */ = {isa = PBXBuildFile; fileRef = 3F78DD5F2D0AB4C6C79C9A15 /* BossModifier.swift */; };
		18348BD958665240A6D3020F /* Configuration.storekit in Resources */ = {isa = PBXBuildFile; fileRef = C5A519A3433C95966762B382 /* Configuration.storekit */; };
		2303E48D108C2A3324BD857C /* Joker.swift in Sources */ = {isa = PBXBuildFile; fileRef = BF62D06D635A1BDDFA6F2D58 /* Joker.swift */; };
		28174BF5C639F3B8DE4DDF6A /* RogueRun.swift in Sources */ = {isa = PBXBuildFile; fileRef = C0DAC6F80E11117AD93A5763 /* RogueRun.swift */; };
		2AEA63B2A49DC68F6D607E66 /* DailyChallenge.swift in Sources */ = {isa = PBXBuildFile; fileRef = AA11AD796221384033EC5262 /* DailyChallenge.swift */; };
		32FEF27B31D06089225DB60E /* BattleScene.swift in Sources */ = {isa = PBXBuildFile; fileRef = 1AC3C87E0E4B3888A6207525 /* BattleScene.swift */; };
		36328BC68873189A9D6DF6CB /* CardPattern.swift in Sources */ = {isa = PBXBuildFile; fileRef = F2F3A76D4A4AB699BA4B449F /* CardPattern.swift */; };
		3FAE3C1D2D4F2580E3C05F7F /* GameSaveModel.swift in Sources */ = {isa = PBXBuildFile; fileRef = 1E2D6C54990C380453D910DE /* GameSaveModel.swift */; };
		446DD01D4220769F7DCFB9A1 /* Card.swift in Sources */ = {isa = PBXBuildFile; fileRef = 1AF923141EB84CEE723619A6 /* Card.swift */; };
		4BF8E0B52AC2757A0EA6FF29 /* CardNode.swift in Sources */ = {isa = PBXBuildFile; fileRef = 72B75669125C466EC3ED7729 /* CardNode.swift */; };
		4C7E3B89F18BCA0B77490A1B /* Localizable.strings in Resources */ = {isa = PBXBuildFile; fileRef = 378DC5F776349B16C1FA4FA8 /* Localizable.strings */; };
		56D8B15F48FA802FEA747865 /* PurchaseManager.swift in Sources */ = {isa = PBXBuildFile; fileRef = 781A117C670FF3910C3321E7 /* PurchaseManager.swift */; };
		636E86EB24B2D1C9868EC148 /* StarterBuild.swift in Sources */ = {isa = PBXBuildFile; fileRef = 6A332EF35C3E665D1867B1A1 /* StarterBuild.swift */; };
		657C4179C084F17B3B48CC9F /* Achievement.swift in Sources */ = {isa = PBXBuildFile; fileRef = 3FA4F448DB514BC1590E8F0C /* Achievement.swift */; };
		67112B78B881C0B234CDFA7F /* PrivacyPolicy.md in Resources */ = {isa = PBXBuildFile; fileRef = C0E399DF2AFC95FADFDC15CA /* PrivacyPolicy.md */; };
		7345ED8687782BC41DB12B28 /* DoudizhuApp.swift in Sources */ = {isa = PBXBuildFile; fileRef = B1FB06006D744656FBD92B31 /* DoudizhuApp.swift */; };
		74EC37E1AD74CA502CB8945F /* Theme.swift in Sources */ = {isa = PBXBuildFile; fileRef = F14BE9E13D0A099C22FA5966 /* Theme.swift */; };
		762114873273799B9893133E /* Analytics.swift in Sources */ = {isa = PBXBuildFile; fileRef = 146704F64E5700B454564B2A /* Analytics.swift */; };
		8F08C71C4784B70555D4CE5F /* PlayerStats.swift in Sources */ = {isa = PBXBuildFile; fileRef = 8D3EC8A91741A8E076AAA4C1 /* PlayerStats.swift */; };
		8F363274545A34AF12769EB9 /* ReviewManager.swift in Sources */ = {isa = PBXBuildFile; fileRef = 8F5FC34D9EBDA2FC5221697F /* ReviewManager.swift */; };
		93137D53FB0CE4ADB514AE39 /* DemoGateView.swift in Sources */ = {isa = PBXBuildFile; fileRef = 232ADF14AB20320A193DA2C6 /* DemoGateView.swift */; };
		96049DD3D9B82908F3FBFA4D /* MapView.swift in Sources */ = {isa = PBXBuildFile; fileRef = F9CEF7465746B1D689967584 /* MapView.swift */; };
		9CCA2395E431F87235395BAB /* Assets.xcassets in Resources */ = {isa = PBXBuildFile; fileRef = 3C71732CBF8E870978027D3B /* Assets.xcassets */; };
		9EEAA91E297F94FA9D3FC0E8 /* CollectionView.swift in Sources */ = {isa = PBXBuildFile; fileRef = D6AE5DC94BF072C61043362C /* CollectionView.swift */; };
		9F62A0FBD38B30708AD791A7 /* PrivacyInfo.xcprivacy in Resources */ = {isa = PBXBuildFile; fileRef = 47CAB337B7203CA7328A7552 /* PrivacyInfo.xcprivacy */; };
		A07690E845F0936594035BF4 /* AppIconPreview.swift in Sources */ = {isa = PBXBuildFile; fileRef = 2C00C4E1AAADECAEA18F6B8D /* AppIconPreview.swift */; };
		A1897647E95DEA2924D0664B /* AchievementView.swift in Sources */ = {isa = PBXBuildFile; fileRef = D465F6AC2C63574A53FDFB8F /* AchievementView.swift */; };
		A5FB874DA8442CCF55FDC32A /* DailyChallengeView.swift in Sources */ = {isa = PBXBuildFile; fileRef = 9E37291A94EBC72B683F9D15 /* DailyChallengeView.swift */; };
		AD5E2D3093C14746800E6B9B /* ShareManager.swift in Sources */ = {isa = PBXBuildFile; fileRef = EE2AE77369C90C482B24051C /* ShareManager.swift */; };
		B7B34C7047639B55A805790C /* TutorialOverlay.swift in Sources */ = {isa = PBXBuildFile; fileRef = FCABC68FC662C3EAB5225D88 /* TutorialOverlay.swift */; };
		BAB6BBEF94D7E825D9CC94E4 /* SpecialEvent.swift in Sources */ = {isa = PBXBuildFile; fileRef = 9C46BB1C41DFDBB2F94799C5 /* SpecialEvent.swift */; };
		BD2771C4F1C115C1DE4CB2B5 /* SoundManager.swift in Sources */ = {isa = PBXBuildFile; fileRef = 3AA013CA84673129FD536088 /* SoundManager.swift */; };
		C690EB0921830D590C271739 /* floors.json in Resources */ = {isa = PBXBuildFile; fileRef = 6ED88E607C3BDA32ED8E9F0D /* floors.json */; };
		CAA94D910C1AD9B029E38CB7 /* ShopView.swift in Sources */ = {isa = PBXBuildFile; fileRef = D6CF0BC12630F84C9C30B17C /* ShopView.swift */; };
		CDF561F4B6CA7271CDECFD87 /* GameCenterManager.swift in Sources */ = {isa = PBXBuildFile; fileRef = 60D933644042A8A7F300A933 /* GameCenterManager.swift */; };
		D5D494E5383E074FF405DA24 /* FeedbackManager.swift in Sources */ = {isa = PBXBuildFile; fileRef = ADFCDD0745535597D03CEACF /* FeedbackManager.swift */; };
		D77E24283D4AAF816DB04D22 /* CrashReporter.swift in Sources */ = {isa = PBXBuildFile; fileRef = 2330474EDBC2A259C1F91353 /* CrashReporter.swift */; };
		E15A1351F689EE760E3EBC5B /* AIPlayer.swift in Sources */ = {isa = PBXBuildFile; fileRef = 26DB65F89B1EDAFA7672D20B /* AIPlayer.swift */; };
		E8B74F36D4E9ACD38A0F615A /* BattleView.swift in Sources */ = {isa = PBXBuildFile; fileRef = BB5221E2C3524AE4B44A8FF9 /* BattleView.swift */; };
		EBBEDC2B28B5607E93CBDF03 /* BuildSelectView.swift in Sources */ = {isa = PBXBuildFile; fileRef = A5FD4CE5431F3FDAB81C9525 /* BuildSelectView.swift */; };
		ED300C39A3FAEF6F7DEA8D9F /* HomeView.swift in Sources */ = {isa = PBXBuildFile; fileRef = 89975C3108E468C10EA3E5E7 /* HomeView.swift */; };
		F002B85206639EA0FE29A784 /* StatsView.swift in Sources */ = {isa = PBXBuildFile; fileRef = DE7295A565FD5C0659AD2914 /* StatsView.swift */; };
		F28B2D6F59E5613C94C36978 /* ContentView.swift in Sources */ = {isa = PBXBuildFile; fileRef = 8EA2A1CDC0757261ED0E545D /* ContentView.swift */; };
		F41A8BE2818E4F9F2A1F431C /* L10n.swift in Sources */ = {isa = PBXBuildFile; fileRef = C004536BF49C1AC16F07AF1E /* L10n.swift */; };
/* End PBXBuildFile section */

/* Begin PBXFileReference section */
		02B7561C354AAEBCFCF1A20E /* Doudizhu.app */ = {isa = PBXFileReference; includeInIndex = 0; lastKnownFileType = wrapper.application; path = Doudizhu.app; sourceTree = BUILT_PRODUCTS_DIR; };
		146704F64E5700B454564B2A /* Analytics.swift */ = {isa = PBXFileReference; lastKnownFileType = sourcecode.swift; path = Analytics.swift; sourceTree = "<group>"; };
		1AC3C87E0E4B3888A6207525 /* BattleScene.swift */ = {isa = PBXFileReference; lastKnownFileType = sourcecode.swift; path = BattleScene.swift; sourceTree = "<group>"; };
		1AF923141EB84CEE723619A6 /* Card.swift */ = {isa = PBXFileReference; lastKnownFileType = sourcecode.swift; path = Card.swift; sourceTree = "<group>"; };
		1E2D6C54990C380453D910DE /* GameSaveModel.swift */ = {isa = PBXFileReference; lastKnownFileType = sourcecode.swift; path = GameSaveModel.swift; sourceTree = "<group>"; };
		232ADF14AB20320A193DA2C6 /* DemoGateView.swift */ = {isa = PBXFileReference; lastKnownFileType = sourcecode.swift; path = DemoGateView.swift; sourceTree = "<group>"; };
		2330474EDBC2A259C1F91353 /* CrashReporter.swift */ = {isa = PBXFileReference; lastKnownFileType = sourcecode.swift; path = CrashReporter.swift; sourceTree = "<group>"; };
		26DB65F89B1EDAFA7672D20B /* AIPlayer.swift */ = {isa = PBXFileReference; lastKnownFileType = sourcecode.swift; path = AIPlayer.swift; sourceTree = "<group>"; };
		2C00C4E1AAADECAEA18F6B8D /* AppIconPreview.swift */ = {isa = PBXFileReference; lastKnownFileType = sourcecode.swift; path = AppIconPreview.swift; sourceTree = "<group>"; };
		3AA013CA84673129FD536088 /* SoundManager.swift */ = {isa = PBXFileReference; lastKnownFileType = sourcecode.swift; path = SoundManager.swift; sourceTree = "<group>"; };
		3C71732CBF8E870978027D3B /* Assets.xcassets */ = {isa = PBXFileReference; lastKnownFileType = folder.assetcatalog; path = Assets.xcassets; sourceTree = "<group>"; };
		3F78DD5F2D0AB4C6C79C9A15 /* BossModifier.swift */ = {isa = PBXFileReference; lastKnownFileType = sourcecode.swift; path = BossModifier.swift; sourceTree = "<group>"; };
		3FA4F448DB514BC1590E8F0C /* Achievement.swift */ = {isa = PBXFileReference; lastKnownFileType = sourcecode.swift; path = Achievement.swift; sourceTree = "<group>"; };
		47CAB337B7203CA7328A7552 /* PrivacyInfo.xcprivacy */ = {isa = PBXFileReference; path = PrivacyInfo.xcprivacy; sourceTree = "<group>"; };
		60D933644042A8A7F300A933 /* GameCenterManager.swift */ = {isa = PBXFileReference; lastKnownFileType = sourcecode.swift; path = GameCenterManager.swift; sourceTree = "<group>"; };
		6A332EF35C3E665D1867B1A1 /* StarterBuild.swift */ = {isa = PBXFileReference; lastKnownFileType = sourcecode.swift; path = StarterBuild.swift; sourceTree = "<group>"; };
		6ED88E607C3BDA32ED8E9F0D /* floors.json */ = {isa = PBXFileReference; lastKnownFileType = text.json; path = floors.json; sourceTree = "<group>"; };
		72B75669125C466EC3ED7729 /* CardNode.swift */ = {isa = PBXFileReference; lastKnownFileType = sourcecode.swift; path = CardNode.swift; sourceTree = "<group>"; };
		781A117C670FF3910C3321E7 /* PurchaseManager.swift */ = {isa = PBXFileReference; lastKnownFileType = sourcecode.swift; path = PurchaseManager.swift; sourceTree = "<group>"; };
		89975C3108E468C10EA3E5E7 /* HomeView.swift */ = {isa = PBXFileReference; lastKnownFileType = sourcecode.swift; path = HomeView.swift; sourceTree = "<group>"; };
		8D3EC8A91741A8E076AAA4C1 /* PlayerStats.swift */ = {isa = PBXFileReference; lastKnownFileType = sourcecode.swift; path = PlayerStats.swift; sourceTree = "<group>"; };
		8EA2A1CDC0757261ED0E545D /* ContentView.swift */ = {isa = PBXFileReference; lastKnownFileType = sourcecode.swift; path = ContentView.swift; sourceTree = "<group>"; };
		8F5FC34D9EBDA2FC5221697F /* ReviewManager.swift */ = {isa = PBXFileReference; lastKnownFileType = sourcecode.swift; path = ReviewManager.swift; sourceTree = "<group>"; };
		9C46BB1C41DFDBB2F94799C5 /* SpecialEvent.swift */ = {isa = PBXFileReference; lastKnownFileType = sourcecode.swift; path = SpecialEvent.swift; sourceTree = "<group>"; };
		9E37291A94EBC72B683F9D15 /* DailyChallengeView.swift */ = {isa = PBXFileReference; lastKnownFileType = sourcecode.swift; path = DailyChallengeView.swift; sourceTree = "<group>"; };
		9F7B44BF5B0718C7FCFCE0B6 /* SettingsView.swift */ = {isa = PBXFileReference; lastKnownFileType = sourcecode.swift; path = SettingsView.swift; sourceTree = "<group>"; };
		A5FD4CE5431F3FDAB81C9525 /* BuildSelectView.swift */ = {isa = PBXFileReference; lastKnownFileType = sourcecode.swift; path = BuildSelectView.swift; sourceTree = "<group>"; };
		AA11AD796221384033EC5262 /* DailyChallenge.swift */ = {isa = PBXFileReference; lastKnownFileType = sourcecode.swift; path = DailyChallenge.swift; sourceTree = "<group>"; };
		ADFCDD0745535597D03CEACF /* FeedbackManager.swift */ = {isa = PBXFileReference; lastKnownFileType = sourcecode.swift; path = FeedbackManager.swift; sourceTree = "<group>"; };
		B1FB06006D744656FBD92B31 /* DoudizhuApp.swift */ = {isa = PBXFileReference; lastKnownFileType = sourcecode.swift; path = DoudizhuApp.swift; sourceTree = "<group>"; };
		BB5221E2C3524AE4B44A8FF9 /* BattleView.swift */ = {isa = PBXFileReference; lastKnownFileType = sourcecode.swift; path = BattleView.swift; sourceTree = "<group>"; };
		BF62D06D635A1BDDFA6F2D58 /* Joker.swift */ = {isa = PBXFileReference; lastKnownFileType = sourcecode.swift; path = Joker.swift; sourceTree = "<group>"; };
		C004536BF49C1AC16F07AF1E /* L10n.swift */ = {isa = PBXFileReference; lastKnownFileType = sourcecode.swift; path = L10n.swift; sourceTree = "<group>"; };
		C0DAC6F80E11117AD93A5763 /* RogueRun.swift */ = {isa = PBXFileReference; lastKnownFileType = sourcecode.swift; path = RogueRun.swift; sourceTree = "<group>"; };
		C0E399DF2AFC95FADFDC15CA /* PrivacyPolicy.md */ = {isa = PBXFileReference; lastKnownFileType = net.daringfireball.markdown; path = PrivacyPolicy.md; sourceTree = "<group>"; };
		C5A519A3433C95966762B382 /* Configuration.storekit */ = {isa = PBXFileReference; path = Configuration.storekit; sourceTree = "<group>"; };
		C679C44488D1A397CF510FCE /* en */ = {isa = PBXFileReference; lastKnownFileType = text.plist.strings; name = en; path = en.lproj/Localizable.strings; sourceTree = "<group>"; };
		D465F6AC2C63574A53FDFB8F /* AchievementView.swift */ = {isa = PBXFileReference; lastKnownFileType = sourcecode.swift; path = AchievementView.swift; sourceTree = "<group>"; };
		D6AE5DC94BF072C61043362C /* CollectionView.swift */ = {isa = PBXFileReference; lastKnownFileType = sourcecode.swift; path = CollectionView.swift; sourceTree = "<group>"; };
		D6CF0BC12630F84C9C30B17C /* ShopView.swift */ = {isa = PBXFileReference; lastKnownFileType = sourcecode.swift; path = ShopView.swift; sourceTree = "<group>"; };
		DDCF1F17CE6C4B3B041FDFE8 /* PatternGuideView.swift */ = {isa = PBXFileReference; lastKnownFileType = sourcecode.swift; path = PatternGuideView.swift; sourceTree = "<group>"; };
		DE7295A565FD5C0659AD2914 /* StatsView.swift */ = {isa = PBXFileReference; lastKnownFileType = sourcecode.swift; path = StatsView.swift; sourceTree = "<group>"; };
		EE2AE77369C90C482B24051C /* ShareManager.swift */ = {isa = PBXFileReference; lastKnownFileType = sourcecode.swift; path = ShareManager.swift; sourceTree = "<group>"; };
		F14BE9E13D0A099C22FA5966 /* Theme.swift */ = {isa = PBXFileReference; lastKnownFileType = sourcecode.swift; path = Theme.swift; sourceTree = "<group>"; };
		F2F3A76D4A4AB699BA4B449F /* CardPattern.swift */ = {isa = PBXFileReference; lastKnownFileType = sourcecode.swift; path = CardPattern.swift; sourceTree = "<group>"; };
		F9CEF7465746B1D689967584 /* MapView.swift */ = {isa = PBXFileReference; lastKnownFileType = sourcecode.swift; path = MapView.swift; sourceTree = "<group>"; };
		FA0839D8A6E8A560D49EC0BA /* zh-Hans */ = {isa = PBXFileReference; lastKnownFileType = text.plist.strings; name = "zh-Hans"; path = "zh-Hans.lproj/Localizable.strings"; sourceTree = "<group>"; };
		FCABC68FC662C3EAB5225D88 /* TutorialOverlay.swift */ = {isa = PBXFileReference; lastKnownFileType = sourcecode.swift; path = TutorialOverlay.swift; sourceTree = "<group>"; };
/* End PBXFileReference section */

/* Begin PBXGroup section */
		0118E91545791F4FFCF83239 /* AI */ = {
			isa = PBXGroup;
			children = (
				26DB65F89B1EDAFA7672D20B /* AIPlayer.swift */,
			);
			path = AI;
			sourceTree = "<group>";
		};
		121327BC4C6D99B617FB2B40 /* Configs */ = {
			isa = PBXGroup;
			children = (
				6ED88E607C3BDA32ED8E9F0D /* floors.json */,
			);
			path = Configs;
			sourceTree = "<group>";
		};
		369DB9F4BF9583FB4A1AA29F /* Resources */ = {
			isa = PBXGroup;
			children = (
				3C71732CBF8E870978027D3B /* Assets.xcassets */,
				C0E399DF2AFC95FADFDC15CA /* PrivacyPolicy.md */,
				378DC5F776349B16C1FA4FA8 /* Localizable.strings */,
			);
			path = Resources;
			sourceTree = "<group>";
		};
		4E1C4F8692E31265758F78BC /* Shop */ = {
			isa = PBXGroup;
			children = (
				232ADF14AB20320A193DA2C6 /* DemoGateView.swift */,
				D6CF0BC12630F84C9C30B17C /* ShopView.swift */,
			);
			path = Shop;
			sourceTree = "<group>";
		};
		58325A978A7C55C30EEE0ADE /* Home */ = {
			isa = PBXGroup;
			children = (
				A5FD4CE5431F3FDAB81C9525 /* BuildSelectView.swift */,
				9E37291A94EBC72B683F9D15 /* DailyChallengeView.swift */,
				89975C3108E468C10EA3E5E7 /* HomeView.swift */,
			);
			path = Home;
			sourceTree = "<group>";
		};
		808F79DFA3CEC595527D252C /* Features */ = {
			isa = PBXGroup;
			children = (
				9AEE1B374110DFF24D84D407 /* Collection */,
				58325A978A7C55C30EEE0ADE /* Home */,
				C6C67A8224972B2F84DE9B03 /* Map */,
				98D709FB765EA195641025EF /* Settings */,
				4E1C4F8692E31265758F78BC /* Shop */,
				E375D155DA5C946FA95FEE15 /* Tutorial */,
			);
			path = Features;
			sourceTree = "<group>";
		};
		98D709FB765EA195641025EF /* Settings */ = {
			isa = PBXGroup;
			children = (
				2C00C4E1AAADECAEA18F6B8D /* AppIconPreview.swift */,
				9F7B44BF5B0718C7FCFCE0B6 /* SettingsView.swift */,
			);
			path = Settings;
			sourceTree = "<group>";
		};
		98D72D79F653CE47B94E9D4F /* Doudizhu */ = {
			isa = PBXGroup;
			children = (
				C5A519A3433C95966762B382 /* Configuration.storekit */,
				47CAB337B7203CA7328A7552 /* PrivacyInfo.xcprivacy */,
				0118E91545791F4FFCF83239 /* AI */,
				D57DFAAD9921565782858873 /* App */,
				C7C0615516E6880DE7FF34C0 /* Data */,
				D5FAABC6ABAEBB845578CBBB /* Engine */,
				808F79DFA3CEC595527D252C /* Features */,
				F3C5C0BEF96B344EDFF784DF /* GameScene */,
				369DB9F4BF9583FB4A1AA29F /* Resources */,
			);
			path = Doudizhu;
			sourceTree = "<group>";
		};
		9AB7757CD2486DB0261D5AD3 = {
			isa = PBXGroup;
			children = (
				98D72D79F653CE47B94E9D4F /* Doudizhu */,
				DF3626A1158A267437FA23AC /* Products */,
			);
			sourceTree = "<group>";
		};
		9AEE1B374110DFF24D84D407 /* Collection */ = {
			isa = PBXGroup;
			children = (
				D465F6AC2C63574A53FDFB8F /* AchievementView.swift */,
				D6AE5DC94BF072C61043362C /* CollectionView.swift */,
				DDCF1F17CE6C4B3B041FDFE8 /* PatternGuideView.swift */,
				DE7295A565FD5C0659AD2914 /* StatsView.swift */,
			);
			path = Collection;
			sourceTree = "<group>";
		};
		C6C67A8224972B2F84DE9B03 /* Map */ = {
			isa = PBXGroup;
			children = (
				F9CEF7465746B1D689967584 /* MapView.swift */,
			);
			path = Map;
			sourceTree = "<group>";
		};
		C7C0615516E6880DE7FF34C0 /* Data */ = {
			isa = PBXGroup;
			children = (
				1E2D6C54990C380453D910DE /* GameSaveModel.swift */,
				121327BC4C6D99B617FB2B40 /* Configs */,
				D745FAAD764EBD43D0BA1E2C /* Models */,
			);
			path = Data;
			sourceTree = "<group>";
		};
		D57DFAAD9921565782858873 /* App */ = {
			isa = PBXGroup;
			children = (
				8EA2A1CDC0757261ED0E545D /* ContentView.swift */,
				B1FB06006D744656FBD92B31 /* DoudizhuApp.swift */,
			);
			path = App;
			sourceTree = "<group>";
		};
		D5FAABC6ABAEBB845578CBBB /* Engine */ = {
			isa = PBXGroup;
			children = (
				3FA4F448DB514BC1590E8F0C /* Achievement.swift */,
				146704F64E5700B454564B2A /* Analytics.swift */,
				3F78DD5F2D0AB4C6C79C9A15 /* BossModifier.swift */,
				1AF923141EB84CEE723619A6 /* Card.swift */,
				F2F3A76D4A4AB699BA4B449F /* CardPattern.swift */,
				2330474EDBC2A259C1F91353 /* CrashReporter.swift */,
				AA11AD796221384033EC5262 /* DailyChallenge.swift */,
				ADFCDD0745535597D03CEACF /* FeedbackManager.swift */,
				60D933644042A8A7F300A933 /* GameCenterManager.swift */,
				BF62D06D635A1BDDFA6F2D58 /* Joker.swift */,
				C004536BF49C1AC16F07AF1E /* L10n.swift */,
				8D3EC8A91741A8E076AAA4C1 /* PlayerStats.swift */,
				781A117C670FF3910C3321E7 /* PurchaseManager.swift */,
				8F5FC34D9EBDA2FC5221697F /* ReviewManager.swift */,
				C0DAC6F80E11117AD93A5763 /* RogueRun.swift */,
				EE2AE77369C90C482B24051C /* ShareManager.swift */,
				3AA013CA84673129FD536088 /* SoundManager.swift */,
				9C46BB1C41DFDBB2F94799C5 /* SpecialEvent.swift */,
				6A332EF35C3E665D1867B1A1 /* StarterBuild.swift */,
				F14BE9E13D0A099C22FA5966 /* Theme.swift */,
			);
			path = Engine;
			sourceTree = "<group>";
		};
		D745FAAD764EBD43D0BA1E2C /* Models */ = {
			isa = PBXGroup;
			children = (
			);
			path = Models;
			sourceTree = "<group>";
		};
		DF3626A1158A267437FA23AC /* Products */ = {
			isa = PBXGroup;
			children = (
				02B7561C354AAEBCFCF1A20E /* Doudizhu.app */,
			);
			name = Products;
			sourceTree = "<group>";
		};
		E375D155DA5C946FA95FEE15 /* Tutorial */ = {
			isa = PBXGroup;
			children = (
				FCABC68FC662C3EAB5225D88 /* TutorialOverlay.swift */,
			);
			path = Tutorial;
			sourceTree = "<group>";
		};
		F3C5C0BEF96B344EDFF784DF /* GameScene */ = {
			isa = PBXGroup;
			children = (
				1AC3C87E0E4B3888A6207525 /* BattleScene.swift */,
				BB5221E2C3524AE4B44A8FF9 /* BattleView.swift */,
				72B75669125C466EC3ED7729 /* CardNode.swift */,
			);
			path = GameScene;
			sourceTree = "<group>";
		};
/* End PBXGroup section */

/* Begin PBXNativeTarget section */
		879330810470EF14EED3843A /* Doudizhu */ = {
			isa = PBXNativeTarget;
			buildConfigurationList = D89D1C35447D31E9F3756548 /* Build configuration list for PBXNativeTarget "Doudizhu" */;
			buildPhases = (
				0D1668EE8928DAA633A372AC /* Sources */,
				582B71D08951BA87B6309247 /* Resources */,
			);
			buildRules = (
			);
			dependencies = (
			);
			name = Doudizhu;
			packageProductDependencies = (
			);
			productName = Doudizhu;
			productReference = 02B7561C354AAEBCFCF1A20E /* Doudizhu.app */;
			productType = "com.apple.product-type.application";
		};
/* End PBXNativeTarget section */

/* Begin PBXProject section */
		2E7D72DE5E87B86676177E83 /* Project object */ = {
			isa = PBXProject;
			attributes = {
				BuildIndependentTargetsInParallel = YES;
				LastUpgradeCheck = 1600;
				TargetAttributes = {
				};
			};
			buildConfigurationList = 4D0A6D61F1041C44F1306D61 /* Build configuration list for PBXProject "Doudizhu" */;
			developmentRegion = "zh-Hans";
			hasScannedForEncodings = 0;
			knownRegions = (
				Base,
				en,
				"zh-Hans",
			);
			mainGroup = 9AB7757CD2486DB0261D5AD3;
			minimizedProjectReferenceProxies = 1;
			preferredProjectObjectVersion = 77;
			productRefGroup = DF3626A1158A267437FA23AC /* Products */;
			projectDirPath = "";
			projectRoot = "";
			targets = (
				879330810470EF14EED3843A /* Doudizhu */,
			);
		};
/* End PBXProject section */

/* Begin PBXResourcesBuildPhase section */
		582B71D08951BA87B6309247 /* Resources */ = {
			isa = PBXResourcesBuildPhase;
			buildActionMask = 2147483647;
			files = (
				9CCA2395E431F87235395BAB /* Assets.xcassets in Resources */,
				18348BD958665240A6D3020F /* Configuration.storekit in Resources */,
				4C7E3B89F18BCA0B77490A1B /* Localizable.strings in Resources */,
				9F62A0FBD38B30708AD791A7 /* PrivacyInfo.xcprivacy in Resources */,
				67112B78B881C0B234CDFA7F /* PrivacyPolicy.md in Resources */,
				C690EB0921830D590C271739 /* floors.json in Resources */,
			);
			runOnlyForDeploymentPostprocessing = 0;
		};
/* End PBXResourcesBuildPhase section */

/* Begin PBXSourcesBuildPhase section */
		0D1668EE8928DAA633A372AC /* Sources */ = {
			isa = PBXSourcesBuildPhase;
			buildActionMask = 2147483647;
			files = (
				E15A1351F689EE760E3EBC5B /* AIPlayer.swift in Sources */,
				657C4179C084F17B3B48CC9F /* Achievement.swift in Sources */,
				A1897647E95DEA2924D0664B /* AchievementView.swift in Sources */,
				762114873273799B9893133E /* Analytics.swift in Sources */,
				A07690E845F0936594035BF4 /* AppIconPreview.swift in Sources */,
				32FEF27B31D06089225DB60E /* BattleScene.swift in Sources */,
				E8B74F36D4E9ACD38A0F615A /* BattleView.swift in Sources */,
				17DF932E70EE47A6C0DB4C67 /* BossModifier.swift in Sources */,
				EBBEDC2B28B5607E93CBDF03 /* BuildSelectView.swift in Sources */,
				446DD01D4220769F7DCFB9A1 /* Card.swift in Sources */,
				4BF8E0B52AC2757A0EA6FF29 /* CardNode.swift in Sources */,
				36328BC68873189A9D6DF6CB /* CardPattern.swift in Sources */,
				9EEAA91E297F94FA9D3FC0E8 /* CollectionView.swift in Sources */,
				F28B2D6F59E5613C94C36978 /* ContentView.swift in Sources */,
				D77E24283D4AAF816DB04D22 /* CrashReporter.swift in Sources */,
				2AEA63B2A49DC68F6D607E66 /* DailyChallenge.swift in Sources */,
				A5FB874DA8442CCF55FDC32A /* DailyChallengeView.swift in Sources */,
				93137D53FB0CE4ADB514AE39 /* DemoGateView.swift in Sources */,
				7345ED8687782BC41DB12B28 /* DoudizhuApp.swift in Sources */,
				D5D494E5383E074FF405DA24 /* FeedbackManager.swift in Sources */,
				CDF561F4B6CA7271CDECFD87 /* GameCenterManager.swift in Sources */,
				3FAE3C1D2D4F2580E3C05F7F /* GameSaveModel.swift in Sources */,
				ED300C39A3FAEF6F7DEA8D9F /* HomeView.swift in Sources */,
				2303E48D108C2A3324BD857C /* Joker.swift in Sources */,
				F41A8BE2818E4F9F2A1F431C /* L10n.swift in Sources */,
				96049DD3D9B82908F3FBFA4D /* MapView.swift in Sources */,
				14667930FF82DF75F427E36B /* PatternGuideView.swift in Sources */,
				8F08C71C4784B70555D4CE5F /* PlayerStats.swift in Sources */,
				56D8B15F48FA802FEA747865 /* PurchaseManager.swift in Sources */,
				8F363274545A34AF12769EB9 /* ReviewManager.swift in Sources */,
				28174BF5C639F3B8DE4DDF6A /* RogueRun.swift in Sources */,
				0952FD7ADF42F48BFD66A78D /* SettingsView.swift in Sources */,
				AD5E2D3093C14746800E6B9B /* ShareManager.swift in Sources */,
				CAA94D910C1AD9B029E38CB7 /* ShopView.swift in Sources */,
				BD2771C4F1C115C1DE4CB2B5 /* SoundManager.swift in Sources */,
				BAB6BBEF94D7E825D9CC94E4 /* SpecialEvent.swift in Sources */,
				636E86EB24B2D1C9868EC148 /* StarterBuild.swift in Sources */,
				F002B85206639EA0FE29A784 /* StatsView.swift in Sources */,
				74EC37E1AD74CA502CB8945F /* Theme.swift in Sources */,
				B7B34C7047639B55A805790C /* TutorialOverlay.swift in Sources */,
			);
			runOnlyForDeploymentPostprocessing = 0;
		};
/* End PBXSourcesBuildPhase section */

/* Begin PBXVariantGroup section */
		378DC5F776349B16C1FA4FA8 /* Localizable.strings */ = {
			isa = PBXVariantGroup;
			children = (
				C679C44488D1A397CF510FCE /* en */,
				FA0839D8A6E8A560D49EC0BA /* zh-Hans */,
			);
			name = Localizable.strings;
			sourceTree = "<group>";
		};
/* End PBXVariantGroup section */

/* Begin XCBuildConfiguration section */
		114016A5E2784000D0C774D4 /* Release */ = {
			isa = XCBuildConfiguration;
			buildSettings = {
				ASSETCATALOG_COMPILER_APPICON_NAME = AppIcon;
				ASSETCATALOG_COMPILER_GLOBAL_ACCENT_COLOR_NAME = AccentColor;
				CODE_SIGN_IDENTITY = "iPhone Developer";
				GENERATE_INFOPLIST_FILE = YES;
				INFOPLIST_KEY_UIApplicationSceneManifest_Generation = YES;
				INFOPLIST_KEY_UIApplicationSupportsIndirectInputEvents = YES;
				INFOPLIST_KEY_UILaunchScreen_Generation = YES;
				INFOPLIST_KEY_UISupportedInterfaceOrientations = UIInterfaceOrientationPortrait;
				INFOPLIST_KEY_UISupportedInterfaceOrientations_iPad = "UIInterfaceOrientationPortrait UIInterfaceOrientationPortraitUpsideDown UIInterfaceOrientationLandscapeLeft UIInterfaceOrientationLandscapeRight";
				LD_RUNPATH_SEARCH_PATHS = (
					"$(inherited)",
					"@executable_path/Frameworks",
				);
				PRODUCT_BUNDLE_IDENTIFIER = com.hongzeng.doudizhu;
				PRODUCT_NAME = "斗破乾坤";
				SDKROOT = iphoneos;
				SWIFT_EMIT_LOC_STRINGS = YES;
				TARGETED_DEVICE_FAMILY = "1,2";
			};
			name = Release;
		};
		478C2A0CDA79ED1D0BFF4D35 /* Debug */ = {
			isa = XCBuildConfiguration;
			buildSettings = {
				ALWAYS_SEARCH_USER_PATHS = NO;
				CLANG_ANALYZER_NONNULL = YES;
				CLANG_ANALYZER_NUMBER_OBJECT_CONVERSION = YES_AGGRESSIVE;
				CLANG_CXX_LANGUAGE_STANDARD = "gnu++14";
				CLANG_CXX_LIBRARY = "libc++";
				CLANG_ENABLE_MODULES = YES;
				CLANG_ENABLE_OBJC_ARC = YES;
				CLANG_ENABLE_OBJC_WEAK = YES;
				CLANG_WARN_BLOCK_CAPTURE_AUTORELEASING = YES;
				CLANG_WARN_BOOL_CONVERSION = YES;
				CLANG_WARN_COMMA = YES;
				CLANG_WARN_CONSTANT_CONVERSION = YES;
				CLANG_WARN_DEPRECATED_OBJC_IMPLEMENTATIONS = YES;
				CLANG_WARN_DIRECT_OBJC_ISA_USAGE = YES_ERROR;
				CLANG_WARN_DOCUMENTATION_COMMENTS = YES;
				CLANG_WARN_EMPTY_BODY = YES;
				CLANG_WARN_ENUM_CONVERSION = YES;
				CLANG_WARN_INFINITE_RECURSION = YES;
				CLANG_WARN_INT_CONVERSION = YES;
				CLANG_WARN_NON_LITERAL_NULL_CONVERSION = YES;
				CLANG_WARN_OBJC_IMPLICIT_RETAIN_SELF = YES;
				CLANG_WARN_OBJC_LITERAL_CONVERSION = YES;
				CLANG_WARN_OBJC_ROOT_CLASS = YES_ERROR;
				CLANG_WARN_QUOTED_INCLUDE_IN_FRAMEWORK_HEADER = YES;
				CLANG_WARN_RANGE_LOOP_ANALYSIS = YES;
				CLANG_WARN_STRICT_PROTOTYPES = YES;
				CLANG_WARN_SUSPICIOUS_MOVE = YES;
				CLANG_WARN_UNGUARDED_AVAILABILITY = YES_AGGRESSIVE;
				CLANG_WARN_UNREACHABLE_CODE = YES;
				CLANG_WARN__DUPLICATE_METHOD_MATCH = YES;
				COPY_PHASE_STRIP = NO;
				CURRENT_PROJECT_VERSION = 1;
				DEBUG_INFORMATION_FORMAT = dwarf;
				ENABLE_STRICT_OBJC_MSGSEND = YES;
				ENABLE_TESTABILITY = YES;
				GCC_C_LANGUAGE_STANDARD = gnu11;
				GCC_DYNAMIC_NO_PIC = NO;
				GCC_NO_COMMON_BLOCKS = YES;
				GCC_OPTIMIZATION_LEVEL = 0;
				GCC_PREPROCESSOR_DEFINITIONS = (
					"$(inherited)",
					"DEBUG=1",
				);
				GCC_WARN_64_TO_32_BIT_CONVERSION = YES;
				GCC_WARN_ABOUT_RETURN_TYPE = YES_ERROR;
				GCC_WARN_UNDECLARED_SELECTOR = YES;
				GCC_WARN_UNINITIALIZED_AUTOS = YES_AGGRESSIVE;
				GCC_WARN_UNUSED_FUNCTION = YES;
				GCC_WARN_UNUSED_VARIABLE = YES;
				IPHONEOS_DEPLOYMENT_TARGET = 17.0;
				MARKETING_VERSION = 1.0.0;
				MTL_ENABLE_DEBUG_INFO = INCLUDE_SOURCE;
				MTL_FAST_MATH = YES;
				ONLY_ACTIVE_ARCH = YES;
				PRODUCT_NAME = "$(TARGET_NAME)";
				SDKROOT = iphoneos;
				SWIFT_ACTIVE_COMPILATION_CONDITIONS = DEBUG;
				SWIFT_OPTIMIZATION_LEVEL = "-Onone";
				SWIFT_VERSION = 6.0;
			};
			name = Debug;
		};
		4BB17F573EA2832304CAF8C1 /* Debug */ = {
			isa = XCBuildConfiguration;
			buildSettings = {
				ASSETCATALOG_COMPILER_APPICON_NAME = AppIcon;
				ASSETCATALOG_COMPILER_GLOBAL_ACCENT_COLOR_NAME = AccentColor;
				CODE_SIGN_IDENTITY = "iPhone Developer";
				GENERATE_INFOPLIST_FILE = YES;
				INFOPLIST_KEY_UIApplicationSceneManifest_Generation = YES;
				INFOPLIST_KEY_UIApplicationSupportsIndirectInputEvents = YES;
				INFOPLIST_KEY_UILaunchScreen_Generation = YES;
				INFOPLIST_KEY_UISupportedInterfaceOrientations = UIInterfaceOrientationPortrait;
				INFOPLIST_KEY_UISupportedInterfaceOrientations_iPad = "UIInterfaceOrientationPortrait UIInterfaceOrientationPortraitUpsideDown UIInterfaceOrientationLandscapeLeft UIInterfaceOrientationLandscapeRight";
				LD_RUNPATH_SEARCH_PATHS = (
					"$(inherited)",
					"@executable_path/Frameworks",
				);
				PRODUCT_BUNDLE_IDENTIFIER = com.hongzeng.doudizhu;
				PRODUCT_NAME = "斗破乾坤";
				SDKROOT = iphoneos;
				SWIFT_EMIT_LOC_STRINGS = YES;
				TARGETED_DEVICE_FAMILY = "1,2";
			};
			name = Debug;
		};
		A85BC2D45967C430EFCBB5FA /* Release */ = {
			isa = XCBuildConfiguration;
			buildSettings = {
				ALWAYS_SEARCH_USER_PATHS = NO;
				CLANG_ANALYZER_NONNULL = YES;
				CLANG_ANALYZER_NUMBER_OBJECT_CONVERSION = YES_AGGRESSIVE;
				CLANG_CXX_LANGUAGE_STANDARD = "gnu++14";
				CLANG_CXX_LIBRARY = "libc++";
				CLANG_ENABLE_MODULES = YES;
				CLANG_ENABLE_OBJC_ARC = YES;
				CLANG_ENABLE_OBJC_WEAK = YES;
				CLANG_WARN_BLOCK_CAPTURE_AUTORELEASING = YES;
				CLANG_WARN_BOOL_CONVERSION = YES;
				CLANG_WARN_COMMA = YES;
				CLANG_WARN_CONSTANT_CONVERSION = YES;
				CLANG_WARN_DEPRECATED_OBJC_IMPLEMENTATIONS = YES;
				CLANG_WARN_DIRECT_OBJC_ISA_USAGE = YES_ERROR;
				CLANG_WARN_DOCUMENTATION_COMMENTS = YES;
				CLANG_WARN_EMPTY_BODY = YES;
				CLANG_WARN_ENUM_CONVERSION = YES;
				CLANG_WARN_INFINITE_RECURSION = YES;
				CLANG_WARN_INT_CONVERSION = YES;
				CLANG_WARN_NON_LITERAL_NULL_CONVERSION = YES;
				CLANG_WARN_OBJC_IMPLICIT_RETAIN_SELF = YES;
				CLANG_WARN_OBJC_LITERAL_CONVERSION = YES;
				CLANG_WARN_OBJC_ROOT_CLASS = YES_ERROR;
				CLANG_WARN_QUOTED_INCLUDE_IN_FRAMEWORK_HEADER = YES;
				CLANG_WARN_RANGE_LOOP_ANALYSIS = YES;
				CLANG_WARN_STRICT_PROTOTYPES = YES;
				CLANG_WARN_SUSPICIOUS_MOVE = YES;
				CLANG_WARN_UNGUARDED_AVAILABILITY = YES_AGGRESSIVE;
				CLANG_WARN_UNREACHABLE_CODE = YES;
				CLANG_WARN__DUPLICATE_METHOD_MATCH = YES;
				COPY_PHASE_STRIP = NO;
				CURRENT_PROJECT_VERSION = 1;
				DEBUG_INFORMATION_FORMAT = "dwarf-with-dsym";
				ENABLE_NS_ASSERTIONS = NO;
				ENABLE_STRICT_OBJC_MSGSEND = YES;
				GCC_C_LANGUAGE_STANDARD = gnu11;
				GCC_NO_COMMON_BLOCKS = YES;
				GCC_WARN_64_TO_32_BIT_CONVERSION = YES;
				GCC_WARN_ABOUT_RETURN_TYPE = YES_ERROR;
				GCC_WARN_UNDECLARED_SELECTOR = YES;
				GCC_WARN_UNINITIALIZED_AUTOS = YES_AGGRESSIVE;
				GCC_WARN_UNUSED_FUNCTION = YES;
				GCC_WARN_UNUSED_VARIABLE = YES;
				IPHONEOS_DEPLOYMENT_TARGET = 17.0;
				MARKETING_VERSION = 1.0.0;
				MTL_ENABLE_DEBUG_INFO = NO;
				MTL_FAST_MATH = YES;
				PRODUCT_NAME = "$(TARGET_NAME)";
				SDKROOT = iphoneos;
				SWIFT_COMPILATION_MODE = wholemodule;
				SWIFT_OPTIMIZATION_LEVEL = "-O";
				SWIFT_VERSION = 6.0;
			};
			name = Release;
		};
/* End XCBuildConfiguration section */

/* Begin XCConfigurationList section */
		4D0A6D61F1041C44F1306D61 /* Build configuration list for PBXProject "Doudizhu" */ = {
			isa = XCConfigurationList;
			buildConfigurations = (
				478C2A0CDA79ED1D0BFF4D35 /* Debug */,
				A85BC2D45967C430EFCBB5FA /* Release */,
			);
			defaultConfigurationIsVisible = 0;
			defaultConfigurationName = Debug;
		};
		D89D1C35447D31E9F3756548 /* Build configuration list for PBXNativeTarget "Doudizhu" */ = {
			isa = XCConfigurationList;
			buildConfigurations = (
				4BB17F573EA2832304CAF8C1 /* Debug */,
				114016A5E2784000D0C774D4 /* Release */,
			);
			defaultConfigurationIsVisible = 0;
			defaultConfigurationName = Debug;
		};
/* End XCConfigurationList section */
	};
	rootObject = 2E7D72DE5E87B86676177E83 /* Project object */;
}
